
Microsoft Visual Studio Solution File, Format Version 12.00
# Visual Studio 15
VisualStudioVersion = 15.0.27130.2036
MinimumVisualStudioVersion = 10.0.40219.1
Project("{FAE04EC0-301F-11D3-BF4B-00C04F79EFBC}") = "MyFavoriteDonut", "MyFavoriteDonut\MyFavoriteDonut.csproj", "{93134ACD-1311-40FB-A430-08740B8BEC86}"
EndProject
Global
	GlobalSection(SolutionConfigurationPlatforms) = preSolution
		Debug|Any CPU = Debug|Any CPU
		Release|Any CPU = Release|Any CPU
	EndGlobalSection
	GlobalSection(ProjectConfigurationPlatforms) = postSolution
		{93134ACD-1311-40FB-A430-08740B8BEC86}.Debug|Any CPU.ActiveCfg = Debug|Any CPU
		{93134ACD-1311-40FB-A430-08740B8BEC86}.Debug|Any CPU.Build.0 = Debug|Any CPU
		{93134ACD-1311-40FB-A430-08740B8BEC86}.Release|Any CPU.ActiveCfg = Release|Any CPU
		{93134ACD-1311-40FB-A430-08740B8BEC86}.Release|Any CPU.Build.0 = Release|Any CPU
	EndGlobalSection
	GlobalSection(SolutionProperties) = preSolution
		HideSolutionNode = FALSE
	EndGlobalSection
	GlobalSection(ExtensibilityGlobals) = postSolution
		SolutionGuid = {BC3F906E-50FD-4BDC-AB4F-E2702E45F4C3}
	EndGlobalSection
EndGlobal
